<?xml version="1.0" encoding="utf-8"?>
<Project ToolsVersion="4.0" xmlns="http://schemas.microsoft.com/developer/msbuild/2003">
  <ItemGroup>
    <ClCompile Include="source\sinlut.c">
      <Filter>Resource Files</Filter>
    </ClCompile>
    <ClCompile Include="source\gba_mathUtil.c">
      <Filter>Source Files</Filter>
    </ClCompile>
    <ClCompile Include="source\gba_drawing.c">
      <Filter>Source Files</Filter>
    </ClCompile>
    <ClCompile Include="source\gba_gfx.c">
      <Filter>Source Files</Filter>
    </ClCompile>
    <ClCompile Include="source\gba_input.c">
      <Filter>Source Files</Filter>
    </ClCompile>
    <ClCompile Include="source\gba_math.c">
      <Filter>Source Files</Filter>
    </ClCompile>
    <ClCompile Include="source\Emitter.c">
      <Filter>Source Files</Filter>
    </ClCompile>
    <ClCompile Include="source\Particle.c">
      <Filter>Source Files</Filter>
    </ClCompile>
    <ClCompile Include="source\BG_Collisions.c">
      <Filter>Resource Files</Filter>
    </ClCompile>
    <ClCompile Include="source\BG_Maps.c">
      <Filter>Resource Files</Filter>
    </ClCompile>
    <ClCompile Include="source\BG_Palette.c">
      <Filter>Resource Files</Filter>
    </ClCompile>
    <ClCompile Include="source\BG_Tiles.c">
      <Filter>Resource Files</Filter>
    </ClCompile>
    <ClCompile Include="source\ninjacatsprites.c">
      <Filter>Resource Files</Filter>
    </ClCompile>
    <ClCompile Include="source\worm.c">
      <Filter>Resource Files</Filter>
    </ClCompile>
    <ClCompile Include="source\main.cpp">
      <Filter>Source Files</Filter>
    </ClCompile>
    <ClCompile Include="source\smoke.c">
      <Filter>Resource Files</Filter>
    </ClCompile>
    <ClCompile Include="source\Utilities.c">
      <Filter>Source Files</Filter>
    </ClCompile>
  </ItemGroup>
  <ItemGroup>
    <ClInclude Include="include\gba.h">
      <Filter>Header Files</Filter>
    </ClInclude>
    <ClInclude Include="include\gba_drawing.h">
      <Filter>Header Files</Filter>
    </ClInclude>
    <ClInclude Include="include\gba_gfx.h">
      <Filter>Header Files</Filter>
    </ClInclude>
    <ClInclude Include="include\gba_input.h">
      <Filter>Header Files</Filter>
    </ClInclude>
    <ClInclude Include="include\gba_math.h">
      <Filter>Header Files</Filter>
    </ClInclude>
    <ClInclude Include="include\gba_mathUtil.h">
      <Filter>Header Files</Filter>
    </ClInclude>
    <ClInclude Include="include\gba_reg.h">
      <Filter>Header Files</Filter>
    </ClInclude>
    <ClInclude Include="include\gba_types.h">
      <Filter>Header Files</Filter>
    </ClInclude>
    <ClInclude Include="include\Intellisense.h">
      <Filter>Header Files</Filter>
    </ClInclude>
    <ClInclude Include="include\sinlut.h">
      <Filter>Resource Files</Filter>
    </ClInclude>
    <ClInclude Include="include\Particle.h">
      <Filter>Header Files</Filter>
    </ClInclude>
    <ClInclude Include="include\Emitter.h">
      <Filter>Header Files</Filter>
    </ClInclude>
    <ClInclude Include="include\BG_Externs.h">
      <Filter>Resource Files</Filter>
    </ClInclude>
    <ClInclude Include="include\ninjacatsprites.h">
      <Filter>Resource Files</Filter>
    </ClInclude>
    <ClInclude Include="include\worm.h">
      <Filter>Resource Files</Filter>
    </ClInclude>
    <ClInclude Include="include\smoke.h">
      <Filter>Resource Files</Filter>
    </ClInclude>
    <ClInclude Include="include\Utilities.h">
      <Filter>Header Files</Filter>
    </ClInclude>
  </ItemGroup>
  <ItemGroup>
    <Text Include="Makefile" />
  </ItemGroup>
  <ItemGroup>
    <Filter Include="Header Files">
      <UniqueIdentifier>{d5ce70fc-9c19-4c4c-abdf-329525d1f013}</UniqueIdentifier>
    </Filter>
    <Filter Include="Source Files">
      <UniqueIdentifier>{b0d85492-a0c8-4597-9031-fb68dc0c28e1}</UniqueIdentifier>
    </Filter>
    <Filter Include="Resource Files">
      <UniqueIdentifier>{cdfbae3b-497d-499e-b479-0d14deb5f26b}</UniqueIdentifier>
    </Filter>
  </ItemGroup>
</Project>