<?xml version="1.0" encoding="utf-8"?>
<Project ToolsVersion="4.0" xmlns="http://schemas.microsoft.com/developer/msbuild/2003">
  <ItemGroup>
    <ClCompile Include="source\Utilities.c">
      <Filter>Source files</Filter>
    </ClCompile>
    <ClCompile Include="source\Particle.c">
      <Filter>Source files</Filter>
    </ClCompile>
    <ClCompile Include="source\main.cpp">
      <Filter>Source files</Filter>
    </ClCompile>
    <ClCompile Include="source\Emitter.c">
      <Filter>Source files</Filter>
    </ClCompile>
    <ClCompile Include="source\gba_drawing.c">
      <Filter>Source files</Filter>
    </ClCompile>
    <ClCompile Include="source\gba_gfx.c">
      <Filter>Source files</Filter>
    </ClCompile>
    <ClCompile Include="source\gba_input.c">
      <Filter>Source files</Filter>
    </ClCompile>
    <ClCompile Include="source\gba_math.c">
      <Filter>Source files</Filter>
    </ClCompile>
    <ClCompile Include="source\gba_mathUtil.c">
      <Filter>Source files</Filter>
    </ClCompile>
    <ClCompile Include="source\BG_Collisions.c">
      <Filter>Resource Files</Filter>
    </ClCompile>
    <ClCompile Include="source\BG_Maps.c">
      <Filter>Resource Files</Filter>
    </ClCompile>
    <ClCompile Include="source\BG_Palette.c">
      <Filter>Resource Files</Filter>
    </ClCompile>
    <ClCompile Include="source\BG_Tiles.c">
      <Filter>Resource Files</Filter>
    </ClCompile>
    <ClCompile Include="source\ninjacatsprites.c">
      <Filter>Resource Files</Filter>
    </ClCompile>
    <ClCompile Include="source\sinlut.c">
      <Filter>Resource Files</Filter>
    </ClCompile>
    <ClCompile Include="source\smoke.c">
      <Filter>Resource Files</Filter>
    </ClCompile>
    <ClCompile Include="source\worm.c">
      <Filter>Resource Files</Filter>
    </ClCompile>
  </ItemGroup>
  <ItemGroup>
    <ClInclude Include="include\gba.h">
      <Filter>Header Files</Filter>
    </ClInclude>
    <ClInclude Include="include\gba_drawing.h">
      <Filter>Header Files</Filter>
    </ClInclude>
    <ClInclude Include="include\gba_gfx.h">
      <Filter>Header Files</Filter>
    </ClInclude>
    <ClInclude Include="include\gba_input.h">
      <Filter>Header Files</Filter>
    </ClInclude>
    <ClInclude Include="include\gba_math.h">
      <Filter>Header Files</Filter>
    </ClInclude>
    <ClInclude Include="include\gba_mathUtil.h">
      <Filter>Header Files</Filter>
    </ClInclude>
    <ClInclude Include="include\gba_types.h">
      <Filter>Header Files</Filter>
    </ClInclude>
    <ClInclude Include="include\Intellisense.h">
      <Filter>Header Files</Filter>
    </ClInclude>
    <ClInclude Include="include\Emitter.h">
      <Filter>Header Files</Filter>
    </ClInclude>
    <ClInclude Include="include\gba_reg.h">
      <Filter>Header Files</Filter>
    </ClInclude>
    <ClInclude Include="include\Particle.h">
      <Filter>Header Files</Filter>
    </ClInclude>
    <ClInclude Include="include\Utilities.h">
      <Filter>Header Files</Filter>
    </ClInclude>
    <ClInclude Include="include\BG_Externs.h">
      <Filter>Resource Files</Filter>
    </ClInclude>
    <ClInclude Include="include\ninjacatsprites.h">
      <Filter>Resource Files</Filter>
    </ClInclude>
    <ClInclude Include="include\sinlut.h">
      <Filter>Resource Files</Filter>
    </ClInclude>
    <ClInclude Include="include\smoke.h">
      <Filter>Resource Files</Filter>
    </ClInclude>
    <ClInclude Include="include\worm.h">
      <Filter>Resource Files</Filter>
    </ClInclude>
  </ItemGroup>
  <ItemGroup>
    <Text Include="Makefile" />
  </ItemGroup>
  <ItemGroup>
    <Filter Include="Resource Files">
      <UniqueIdentifier>{f17d50b2-1d8e-4416-a622-2ce3b1d187e6}</UniqueIdentifier>
    </Filter>
    <Filter Include="Source files">
      <UniqueIdentifier>{52831ab0-d901-48e3-b04e-20b28c15617d}</UniqueIdentifier>
    </Filter>
    <Filter Include="Header Files">
      <UniqueIdentifier>{9ac2653d-6b8c-4502-82ea-c71db0c5453f}</UniqueIdentifier>
    </Filter>
  </ItemGroup>
</Project>